
Microsoft Visual Studio Solution File, Format Version 12.00
# Visual Studio 14
VisualStudioVersion = 14.0.25420.1
MinimumVisualStudioVersion = 10.0.40219.1
Project("{FAE04EC0-301F-11D3-BF4B-00C04F79EFBC}") = "TurtleTask", "TurtleTask\TurtleTask.csproj", "{D06422B8-862B-40AC-BF2F-178D4D075A76}"
EndProject
Project("{FAE04EC0-301F-11D3-BF4B-00C04F79EFBC}") = "TurtleTaskTests", "TurtleTaskTests\TurtleTaskTests.csproj", "{29AFF1D8-7E02-4230-B512-44D158BC3987}"
EndProject
Global
	GlobalSection(SolutionConfigurationPlatforms) = preSolution
		Debug|Any CPU = Debug|Any CPU
		Release|Any CPU = Release|Any CPU
	EndGlobalSection
	GlobalSection(ProjectConfigurationPlatforms) = postSolution
		{D06422B8-862B-40AC-BF2F-178D4D075A76}.Debug|Any CPU.ActiveCfg = Debug|Any CPU
		{D06422B8-862B-40AC-BF2F-178D4D075A76}.Debug|Any CPU.Build.0 = Debug|Any CPU
		{D06422B8-862B-40AC-BF2F-178D4D075A76}.Release|Any CPU.ActiveCfg = Release|Any CPU
		{D06422B8-862B-40AC-BF2F-178D4D075A76}.Release|Any CPU.Build.0 = Release|Any CPU
		{29AFF1D8-7E02-4230-B512-44D158BC3987}.Debug|Any CPU.ActiveCfg = Debug|Any CPU
		{29AFF1D8-7E02-4230-B512-44D158BC3987}.Debug|Any CPU.Build.0 = Debug|Any CPU
		{29AFF1D8-7E02-4230-B512-44D158BC3987}.Release|Any CPU.ActiveCfg = Release|Any CPU
		{29AFF1D8-7E02-4230-B512-44D158BC3987}.Release|Any CPU.Build.0 = Release|Any CPU
	EndGlobalSection
	GlobalSection(SolutionProperties) = preSolution
		HideSolutionNode = FALSE
	EndGlobalSection
EndGlobal
